{
  "name": "assignment-2",
  "version": "1.0.0",
  "lockfileVersion": 3,
  "requires": true,
  "packages": {
    "": {
      "name": "assignment-2",
      "version": "1.0.0",
      "license": "ISC",
      "dependencies": {
        "@datastructures-js/queue": "^4.2.3",
        "@datastructures-js/stack": "^3.1.4"
      }
    },
    "node_modules/@datastructures-js/queue": {
      "version": "4.2.3",
      "resolved": "https://registry.npmjs.org/@datastructures-js/queue/-/queue-4.2.3.tgz",
      "integrity": "sha512-GWVMorC/xi2V2ta+Z/CPgPGHL2ZJozcj48g7y2nIX5GIGZGRrbShSHgvMViJwHJurUzJYOdIdRZnWDRrROFwJA=="
    },
    "node_modules/@datastructures-js/stack": {
      "version": "3.1.4",
      "resolved": "https://registry.npmjs.org/@datastructures-js/stack/-/stack-3.1.4.tgz",
      "integrity": "sha512-+2+SOvKcNizQaR31AL1Sox4p5rvAlZfvXO9gi6qWrXMvLqb3S5/3t0ZRAefA0ZabQz0LCXOc8aTeHSWSOMrNCQ=="
    }
  }
}
